PODS:
  - Lasso (1.2.1)
  - LassoTestUtilities (1.2.1):
    - Lasso
  - SwiftLint (0.43.1)
  - WWLayout (0.8.0)

DEPENDENCIES:
  - Lasso (from `../`)
  - LassoTestUtilities (from `../`)
  - SwiftLint
  - WWLayout

SPEC REPOS:
  trunk:
    - SwiftLint
    - WWLayout

EXTERNAL SOURCES:
  Lasso:
    :path: "../"
  LassoTestUtilities:
    :path: "../"

SPEC CHECKSUMS:
  Lasso: adbddd3e6f4d138f9b85c654df2acca84c0fcee3
  LassoTestUtilities: 3351ff4c8ca321d48b3da470b54634b1ca5d678f
  SwiftLint: 99f82d07b837b942dd563c668de129a03fc3fb52
  WWLayout: 78d97792bdbf2ac8931ad31961e24218005a36ef

PODFILE CHECKSUM: 41ab14c5f90b23266516b00a66a4869c4c1a18b9

COCOAPODS: 1.10.1
