PODS:
  - Lasso (1.0.0)
  - LassoTestUtilities (1.0.0):
    - Lasso
  - SwiftLint (0.39.1)
  - WWLayout (0.7.0)

DEPENDENCIES:
  - Lasso (from `../`)
  - LassoTestUtilities (from `../`)
  - SwiftLint
  - WWLayout

SPEC REPOS:
  trunk:
    - SwiftLint
    - WWLayout

EXTERNAL SOURCES:
  Lasso:
    :path: "../"
  LassoTestUtilities:
    :path: "../"

SPEC CHECKSUMS:
  Lasso: baabc67bc2717c7a8ddeacb5fc69f559f31d195f
  LassoTestUtilities: c96a202eb433421df2ecf03a8a734fc92c590377
  SwiftLint: 55e96a4a4d537d4a3156859fc1c54bd24851a046
  WWLayout: 0785bb486fb4b6aeb52665eb35db73c14e120fd6

PODFILE CHECKSUM: 0aa33154b2c82447bb23eb48281922f57e8f833e

COCOAPODS: 1.8.4
