PODS:
  - Lasso (1.1.0)
  - LassoTestUtilities (1.1.0):
    - Lasso
  - SwiftLint (0.40.0)
  - WWLayout (0.7.0)

DEPENDENCIES:
  - Lasso (from `../`)
  - LassoTestUtilities (from `../`)
  - SwiftLint
  - WWLayout

SPEC REPOS:
  trunk:
    - SwiftLint
    - WWLayout

EXTERNAL SOURCES:
  Lasso:
    :path: "../"
  LassoTestUtilities:
    :path: "../"

SPEC CHECKSUMS:
  Lasso: a78473f6cbff22215183484db13906adc24287aa
  LassoTestUtilities: 79bd410a075fdd5f9fe8ce391b736f0c2764c98b
  SwiftLint: 4154893c73a4c52d6240195507eb7a3e3c64087e
  WWLayout: 0785bb486fb4b6aeb52665eb35db73c14e120fd6

PODFILE CHECKSUM: 0aa33154b2c82447bb23eb48281922f57e8f833e

COCOAPODS: 1.10.0.beta.2
