// !$*UTF8*$!
{
	archiveVersion = 1;
	classes = {
	};
	objectVersion = 52;
	objects = {

/* Begin PBXBuildFile section */
		797CFEDD23C39AFA0062A466 /* AppDelegate.swift in Sources */ = {isa = PBXBuildFile; fileRef = 797CFEDC23C39AFA0062A466 /* AppDelegate.swift */; };
		797CFEE623C39AFC0062A466 /* Assets.xcassets in Resources */ = {isa = PBXBuildFile; fileRef = 797CFEE523C39AFC0062A466 /* Assets.xcassets */; };
		797CFEE923C39AFC0062A466 /* LaunchScreen.storyboard in Resources */ = {isa = PBXBuildFile; fileRef = 797CFEE723C39AFC0062A466 /* LaunchScreen.storyboard */; };
		797CFF0023C3B9CA0062A466 /* LassoTestUtilities in Frameworks */ = {isa = PBXBuildFile; platformFilter = ios; productRef = 797CFEFF23C3B9CA0062A466 /* LassoTestUtilities */; };
		797CFF0223C3B9CA0062A466 /* Lasso in Frameworks */ = {isa = PBXBuildFile; productRef = 797CFF0123C3B9CA0062A466 /* Lasso */; };
		797CFF0423C3BA7D0062A466 /* WorkScreen.swift in Sources */ = {isa = PBXBuildFile; fileRef = 797CFF0323C3BA7D0062A466 /* WorkScreen.swift */; };
		797CFF0623C3C0560062A466 /* WorkScreenTests.swift in Sources */ = {isa = PBXBuildFile; fileRef = 797CFF0523C3C0560062A466 /* WorkScreenTests.swift */; };
		797CFF0A23C3C3710062A466 /* RestScreen.swift in Sources */ = {isa = PBXBuildFile; fileRef = 797CFF0923C3C3710062A466 /* RestScreen.swift */; };
		799D555E23C3C5D100E64C4A /* WorkFlow.swift in Sources */ = {isa = PBXBuildFile; fileRef = 799D555D23C3C5D100E64C4A /* WorkFlow.swift */; };
		799D556023C3CF1A00E64C4A /* RestScreenTests.swift in Sources */ = {isa = PBXBuildFile; fileRef = 799D555F23C3CF1A00E64C4A /* RestScreenTests.swift */; };
		799D556223C3D19200E64C4A /* WorkFlowTests.swift in Sources */ = {isa = PBXBuildFile; fileRef = 799D556123C3D19200E64C4A /* WorkFlowTests.swift */; };
/* End PBXBuildFile section */

/* Begin PBXContainerItemProxy section */
		797CFEF023C39AFC0062A466 /* PBXContainerItemProxy */ = {
			isa = PBXContainerItemProxy;
			containerPortal = 797CFED123C39AFA0062A466 /* Project object */;
			proxyType = 1;
			remoteGlobalIDString = 797CFED823C39AFA0062A466;
			remoteInfo = "Lasso-SwiftPM";
		};
/* End PBXContainerItemProxy section */

/* Begin PBXFileReference section */
		797CFED923C39AFA0062A466 /* Lasso-SwiftPM.app */ = {isa = PBXFileReference; explicitFileType = wrapper.application; includeInIndex = 0; path = "Lasso-SwiftPM.app"; sourceTree = BUILT_PRODUCTS_DIR; };
		797CFEDC23C39AFA0062A466 /* AppDelegate.swift */ = {isa = PBXFileReference; lastKnownFileType = sourcecode.swift; path = AppDelegate.swift; sourceTree = "<group>"; };
		797CFEE523C39AFC0062A466 /* Assets.xcassets */ = {isa = PBXFileReference; lastKnownFileType = folder.assetcatalog; path = Assets.xcassets; sourceTree = "<group>"; };
		797CFEE823C39AFC0062A466 /* Base */ = {isa = PBXFileReference; lastKnownFileType = file.storyboard; name = Base; path = Base.lproj/LaunchScreen.storyboard; sourceTree = "<group>"; };
		797CFEEA23C39AFC0062A466 /* Info.plist */ = {isa = PBXFileReference; lastKnownFileType = text.plist.xml; path = Info.plist; sourceTree = "<group>"; };
		797CFEEF23C39AFC0062A466 /* Lasso-SwiftPMTests.xctest */ = {isa = PBXFileReference; explicitFileType = wrapper.cfbundle; includeInIndex = 0; path = "Lasso-SwiftPMTests.xctest"; sourceTree = BUILT_PRODUCTS_DIR; };
		797CFEF523C39AFC0062A466 /* Info.plist */ = {isa = PBXFileReference; lastKnownFileType = text.plist.xml; path = Info.plist; sourceTree = "<group>"; };
		797CFF0323C3BA7D0062A466 /* WorkScreen.swift */ = {isa = PBXFileReference; lastKnownFileType = sourcecode.swift; path = WorkScreen.swift; sourceTree = "<group>"; };
		797CFF0523C3C0560062A466 /* WorkScreenTests.swift */ = {isa = PBXFileReference; lastKnownFileType = sourcecode.swift; path = WorkScreenTests.swift; sourceTree = "<group>"; };
		797CFF0923C3C3710062A466 /* RestScreen.swift */ = {isa = PBXFileReference; lastKnownFileType = sourcecode.swift; path = RestScreen.swift; sourceTree = "<group>"; };
		799D555D23C3C5D100E64C4A /* WorkFlow.swift */ = {isa = PBXFileReference; lastKnownFileType = sourcecode.swift; path = WorkFlow.swift; sourceTree = "<group>"; };
		799D555F23C3CF1A00E64C4A /* RestScreenTests.swift */ = {isa = PBXFileReference; lastKnownFileType = sourcecode.swift; path = RestScreenTests.swift; sourceTree = "<group>"; };
		799D556123C3D19200E64C4A /* WorkFlowTests.swift */ = {isa = PBXFileReference; lastKnownFileType = sourcecode.swift; path = WorkFlowTests.swift; sourceTree = "<group>"; };
/* End PBXFileReference section */

/* Begin PBXFrameworksBuildPhase section */
		797CFED623C39AFA0062A466 /* Frameworks */ = {
			isa = PBXFrameworksBuildPhase;
			buildActionMask = 2147483647;
			files = (
				797CFF0223C3B9CA0062A466 /* Lasso in Frameworks */,
			);
			runOnlyForDeploymentPostprocessing = 0;
		};
		797CFEEC23C39AFC0062A466 /* Frameworks */ = {
			isa = PBXFrameworksBuildPhase;
			buildActionMask = 2147483647;
			files = (
				797CFF0023C3B9CA0062A466 /* LassoTestUtilities in Frameworks */,
			);
			runOnlyForDeploymentPostprocessing = 0;
		};
/* End PBXFrameworksBuildPhase section */

/* Begin PBXGroup section */
		797CFED023C39AFA0062A466 = {
			isa = PBXGroup;
			children = (
				797CFEDB23C39AFA0062A466 /* Lasso-SwiftPM */,
				797CFEF223C39AFC0062A466 /* Lasso-SwiftPMTests */,
				797CFEDA23C39AFA0062A466 /* Products */,
			);
			sourceTree = "<group>";
		};
		797CFEDA23C39AFA0062A466 /* Products */ = {
			isa = PBXGroup;
			children = (
				797CFED923C39AFA0062A466 /* Lasso-SwiftPM.app */,
				797CFEEF23C39AFC0062A466 /* Lasso-SwiftPMTests.xctest */,
			);
			name = Products;
			sourceTree = "<group>";
		};
		797CFEDB23C39AFA0062A466 /* Lasso-SwiftPM */ = {
			isa = PBXGroup;
			children = (
				797CFEDC23C39AFA0062A466 /* AppDelegate.swift */,
				799D555D23C3C5D100E64C4A /* WorkFlow.swift */,
				797CFF0323C3BA7D0062A466 /* WorkScreen.swift */,
				797CFF0923C3C3710062A466 /* RestScreen.swift */,
				797CFEE523C39AFC0062A466 /* Assets.xcassets */,
				797CFEE723C39AFC0062A466 /* LaunchScreen.storyboard */,
				797CFEEA23C39AFC0062A466 /* Info.plist */,
			);
			path = "Lasso-SwiftPM";
			sourceTree = "<group>";
		};
		797CFEF223C39AFC0062A466 /* Lasso-SwiftPMTests */ = {
			isa = PBXGroup;
			children = (
				797CFEF523C39AFC0062A466 /* Info.plist */,
				797CFF0523C3C0560062A466 /* WorkScreenTests.swift */,
				799D555F23C3CF1A00E64C4A /* RestScreenTests.swift */,
				799D556123C3D19200E64C4A /* WorkFlowTests.swift */,
			);
			path = "Lasso-SwiftPMTests";
			sourceTree = "<group>";
		};
/* End PBXGroup section */

/* Begin PBXNativeTarget section */
		797CFED823C39AFA0062A466 /* Lasso-SwiftPM */ = {
			isa = PBXNativeTarget;
			buildConfigurationList = 797CFEF823C39AFC0062A466 /* Build configuration list for PBXNativeTarget "Lasso-SwiftPM" */;
			buildPhases = (
				797CFED523C39AFA0062A466 /* Sources */,
				797CFED623C39AFA0062A466 /* Frameworks */,
				797CFED723C39AFA0062A466 /* Resources */,
			);
			buildRules = (
			);
			dependencies = (
			);
			name = "Lasso-SwiftPM";
			packageProductDependencies = (
				797CFF0123C3B9CA0062A466 /* Lasso */,
			);
			productName = "Lasso-SwiftPM";
			productReference = 797CFED923C39AFA0062A466 /* Lasso-SwiftPM.app */;
			productType = "com.apple.product-type.application";
		};
		797CFEEE23C39AFC0062A466 /* Lasso-SwiftPMTests */ = {
			isa = PBXNativeTarget;
			buildConfigurationList = 797CFEFB23C39AFC0062A466 /* Build configuration list for PBXNativeTarget "Lasso-SwiftPMTests" */;
			buildPhases = (
				797CFEEB23C39AFC0062A466 /* Sources */,
				797CFEEC23C39AFC0062A466 /* Frameworks */,
				797CFEED23C39AFC0062A466 /* Resources */,
			);
			buildRules = (
			);
			dependencies = (
				79C428282400081900C450B5 /* PBXTargetDependency */,
				797CFF0823C3C0FE0062A466 /* PBXTargetDependency */,
				797CFEF123C39AFC0062A466 /* PBXTargetDependency */,
			);
			name = "Lasso-SwiftPMTests";
			packageProductDependencies = (
				797CFEFF23C3B9CA0062A466 /* LassoTestUtilities */,
			);
			productName = "Lasso-SwiftPMTests";
			productReference = 797CFEEF23C39AFC0062A466 /* Lasso-SwiftPMTests.xctest */;
			productType = "com.apple.product-type.bundle.unit-test";
		};
/* End PBXNativeTarget section */

/* Begin PBXProject section */
		797CFED123C39AFA0062A466 /* Project object */ = {
			isa = PBXProject;
			attributes = {
				LastSwiftUpdateCheck = 1130;
				LastUpgradeCheck = 1240;
				ORGANIZATIONNAME = "WW International";
				TargetAttributes = {
					797CFED823C39AFA0062A466 = {
						CreatedOnToolsVersion = 11.3;
					};
					797CFEEE23C39AFC0062A466 = {
						CreatedOnToolsVersion = 11.3;
						TestTargetID = 797CFED823C39AFA0062A466;
					};
				};
			};
			buildConfigurationList = 797CFED423C39AFA0062A466 /* Build configuration list for PBXProject "Lasso-SwiftPM" */;
			compatibilityVersion = "Xcode 9.3";
			developmentRegion = en;
			hasScannedForEncodings = 0;
			knownRegions = (
				en,
				Base,
			);
			mainGroup = 797CFED023C39AFA0062A466;
			packageReferences = (
				797CFEFE23C3B9CA0062A466 /* XCRemoteSwiftPackageReference "lasso" */,
			);
			productRefGroup = 797CFEDA23C39AFA0062A466 /* Products */;
			projectDirPath = "";
			projectRoot = "";
			targets = (
				797CFED823C39AFA0062A466 /* Lasso-SwiftPM */,
				797CFEEE23C39AFC0062A466 /* Lasso-SwiftPMTests */,
			);
		};
/* End PBXProject section */

/* Begin PBXResourcesBuildPhase section */
		797CFED723C39AFA0062A466 /* Resources */ = {
			isa = PBXResourcesBuildPhase;
			buildActionMask = 2147483647;
			files = (
				797CFEE923C39AFC0062A466 /* LaunchScreen.storyboard in Resources */,
				797CFEE623C39AFC0062A466 /* Assets.xcassets in Resources */,
			);
			runOnlyForDeploymentPostprocessing = 0;
		};
		797CFEED23C39AFC0062A466 /* Resources */ = {
			isa = PBXResourcesBuildPhase;
			buildActionMask = 2147483647;
			files = (
			);
			runOnlyForDeploymentPostprocessing = 0;
		};
/* End PBXResourcesBuildPhase section */

/* Begin PBXSourcesBuildPhase section */
		797CFED523C39AFA0062A466 /* Sources */ = {
			isa = PBXSourcesBuildPhase;
			buildActionMask = 2147483647;
			files = (
				799D555E23C3C5D100E64C4A /* WorkFlow.swift in Sources */,
				797CFEDD23C39AFA0062A466 /* AppDelegate.swift in Sources */,
				797CFF0423C3BA7D0062A466 /* WorkScreen.swift in Sources */,
				797CFF0A23C3C3710062A466 /* RestScreen.swift in Sources */,
			);
			runOnlyForDeploymentPostprocessing = 0;
		};
		797CFEEB23C39AFC0062A466 /* Sources */ = {
			isa = PBXSourcesBuildPhase;
			buildActionMask = 2147483647;
			files = (
				799D556223C3D19200E64C4A /* WorkFlowTests.swift in Sources */,
				797CFF0623C3C0560062A466 /* WorkScreenTests.swift in Sources */,
				799D556023C3CF1A00E64C4A /* RestScreenTests.swift in Sources */,
			);
			runOnlyForDeploymentPostprocessing = 0;
		};
/* End PBXSourcesBuildPhase section */

/* Begin PBXTargetDependency section */
		797CFEF123C39AFC0062A466 /* PBXTargetDependency */ = {
			isa = PBXTargetDependency;
			platformFilter = ios;
			target = 797CFED823C39AFA0062A466 /* Lasso-SwiftPM */;
			targetProxy = 797CFEF023C39AFC0062A466 /* PBXContainerItemProxy */;
		};
		797CFF0823C3C0FE0062A466 /* PBXTargetDependency */ = {
			isa = PBXTargetDependency;
			platformFilter = ios;
			productRef = 797CFF0723C3C0FE0062A466 /* LassoTestUtilities */;
		};
		79C428282400081900C450B5 /* PBXTargetDependency */ = {
			isa = PBXTargetDependency;
			productRef = 79C428272400081900C450B5 /* Lasso */;
		};
/* End PBXTargetDependency section */

/* Begin PBXVariantGroup section */
		797CFEE723C39AFC0062A466 /* LaunchScreen.storyboard */ = {
			isa = PBXVariantGroup;
			children = (
				797CFEE823C39AFC0062A466 /* Base */,
			);
			name = LaunchScreen.storyboard;
			sourceTree = "<group>";
		};
/* End PBXVariantGroup section */

/* Begin XCBuildConfiguration section */
		797CFEF623C39AFC0062A466 /* Debug */ = {
			isa = XCBuildConfiguration;
			buildSettings = {
				ALWAYS_SEARCH_USER_PATHS = NO;
				CLANG_ANALYZER_NONNULL = YES;
				CLANG_ANALYZER_NUMBER_OBJECT_CONVERSION = YES_AGGRESSIVE;
				CLANG_CXX_LANGUAGE_STANDARD = "gnu++14";
				CLANG_CXX_LIBRARY = "libc++";
				CLANG_ENABLE_MODULES = YES;
				CLANG_ENABLE_OBJC_ARC = YES;
				CLANG_ENABLE_OBJC_WEAK = YES;
				CLANG_WARN_BLOCK_CAPTURE_AUTORELEASING = YES;
				CLANG_WARN_BOOL_CONVERSION = YES;
				CLANG_WARN_COMMA = YES;
				CLANG_WARN_CONSTANT_CONVERSION = YES;
				CLANG_WARN_DEPRECATED_OBJC_IMPLEMENTATIONS = YES;
				CLANG_WARN_DIRECT_OBJC_ISA_USAGE = YES_ERROR;
				CLANG_WARN_DOCUMENTATION_COMMENTS = YES;
				CLANG_WARN_EMPTY_BODY = YES;
				CLANG_WARN_ENUM_CONVERSION = YES;
				CLANG_WARN_INFINITE_RECURSION = YES;
				CLANG_WARN_INT_CONVERSION = YES;
				CLANG_WARN_NON_LITERAL_NULL_CONVERSION = YES;
				CLANG_WARN_OBJC_IMPLICIT_RETAIN_SELF = YES;
				CLANG_WARN_OBJC_LITERAL_CONVERSION = YES;
				CLANG_WARN_OBJC_ROOT_CLASS = YES_ERROR;
				CLANG_WARN_QUOTED_INCLUDE_IN_FRAMEWORK_HEADER = YES;
				CLANG_WARN_RANGE_LOOP_ANALYSIS = YES;
				CLANG_WARN_STRICT_PROTOTYPES = YES;
				CLANG_WARN_SUSPICIOUS_MOVE = YES;
				CLANG_WARN_UNGUARDED_AVAILABILITY = YES_AGGRESSIVE;
				CLANG_WARN_UNREACHABLE_CODE = YES;
				CLANG_WARN__DUPLICATE_METHOD_MATCH = YES;
				COPY_PHASE_STRIP = NO;
				DEBUG_INFORMATION_FORMAT = dwarf;
				ENABLE_STRICT_OBJC_MSGSEND = YES;
				ENABLE_TESTABILITY = YES;
				GCC_C_LANGUAGE_STANDARD = gnu11;
				GCC_DYNAMIC_NO_PIC = NO;
				GCC_NO_COMMON_BLOCKS = YES;
				GCC_OPTIMIZATION_LEVEL = 0;
				GCC_PREPROCESSOR_DEFINITIONS = (
					"DEBUG=1",
					"$(inherited)",
				);
				GCC_WARN_64_TO_32_BIT_CONVERSION = YES;
				GCC_WARN_ABOUT_RETURN_TYPE = YES_ERROR;
				GCC_WARN_UNDECLARED_SELECTOR = YES;
				GCC_WARN_UNINITIALIZED_AUTOS = YES_AGGRESSIVE;
				GCC_WARN_UNUSED_FUNCTION = YES;
				GCC_WARN_UNUSED_VARIABLE = YES;
				IPHONEOS_DEPLOYMENT_TARGET = 11.0;
				MTL_ENABLE_DEBUG_INFO = INCLUDE_SOURCE;
				MTL_FAST_MATH = YES;
				ONLY_ACTIVE_ARCH = YES;
				SDKROOT = iphoneos;
				SWIFT_ACTIVE_COMPILATION_CONDITIONS = DEBUG;
				SWIFT_OPTIMIZATION_LEVEL = "-Onone";
			};
			name = Debug;
		};
		797CFEF723C39AFC0062A466 /* Release */ = {
			isa = XCBuildConfiguration;
			buildSettings = {
				ALWAYS_SEARCH_USER_PATHS = NO;
				CLANG_ANALYZER_NONNULL = YES;
				CLANG_ANALYZER_NUMBER_OBJECT_CONVERSION = YES_AGGRESSIVE;
				CLANG_CXX_LANGUAGE_STANDARD = "gnu++14";
				CLANG_CXX_LIBRARY = "libc++";
				CLANG_ENABLE_MODULES = YES;
				CLANG_ENABLE_OBJC_ARC = YES;
				CLANG_ENABLE_OBJC_WEAK = YES;
				CLANG_WARN_BLOCK_CAPTURE_AUTORELEASING = YES;
				CLANG_WARN_BOOL_CONVERSION = YES;
				CLANG_WARN_COMMA = YES;
				CLANG_WARN_CONSTANT_CONVERSION = YES;
				CLANG_WARN_DEPRECATED_OBJC_IMPLEMENTATIONS = YES;
				CLANG_WARN_DIRECT_OBJC_ISA_USAGE = YES_ERROR;
				CLANG_WARN_DOCUMENTATION_COMMENTS = YES;
				CLANG_WARN_EMPTY_BODY = YES;
				CLANG_WARN_ENUM_CONVERSION = YES;
				CLANG_WARN_INFINITE_RECURSION = YES;
				CLANG_WARN_INT_CONVERSION = YES;
				CLANG_WARN_NON_LITERAL_NULL_CONVERSION = YES;
				CLANG_WARN_OBJC_IMPLICIT_RETAIN_SELF = YES;
				CLANG_WARN_OBJC_LITERAL_CONVERSION = YES;
				CLANG_WARN_OBJC_ROOT_CLASS = YES_ERROR;
				CLANG_WARN_QUOTED_INCLUDE_IN_FRAMEWORK_HEADER = YES;
				CLANG_WARN_RANGE_LOOP_ANALYSIS = YES;
				CLANG_WARN_STRICT_PROTOTYPES = YES;
				CLANG_WARN_SUSPICIOUS_MOVE = YES;
				CLANG_WARN_UNGUARDED_AVAILABILITY = YES_AGGRESSIVE;
				CLANG_WARN_UNREACHABLE_CODE = YES;
				CLANG_WARN__DUPLICATE_METHOD_MATCH = YES;
				COPY_PHASE_STRIP = NO;
				DEBUG_INFORMATION_FORMAT = "dwarf-with-dsym";
				ENABLE_NS_ASSERTIONS = NO;
				ENABLE_STRICT_OBJC_MSGSEND = YES;
				GCC_C_LANGUAGE_STANDARD = gnu11;
				GCC_NO_COMMON_BLOCKS = YES;
				GCC_WARN_64_TO_32_BIT_CONVERSION = YES;
				GCC_WARN_ABOUT_RETURN_TYPE = YES_ERROR;
				GCC_WARN_UNDECLARED_SELECTOR = YES;
				GCC_WARN_UNINITIALIZED_AUTOS = YES_AGGRESSIVE;
				GCC_WARN_UNUSED_FUNCTION = YES;
				GCC_WARN_UNUSED_VARIABLE = YES;
				IPHONEOS_DEPLOYMENT_TARGET = 11.0;
				MTL_ENABLE_DEBUG_INFO = NO;
				MTL_FAST_MATH = YES;
				SDKROOT = iphoneos;
				SWIFT_COMPILATION_MODE = wholemodule;
				SWIFT_OPTIMIZATION_LEVEL = "-O";
				VALIDATE_PRODUCT = YES;
			};
			name = Release;
		};
		797CFEF923C39AFC0062A466 /* Debug */ = {
			isa = XCBuildConfiguration;
			buildSettings = {
				ASSETCATALOG_COMPILER_APPICON_NAME = AppIcon;
				CODE_SIGN_STYLE = Automatic;
				INFOPLIST_FILE = "Lasso-SwiftPM/Info.plist";
				LD_RUNPATH_SEARCH_PATHS = (
					"$(inherited)",
					"@executable_path/Frameworks",
				);
				PRODUCT_BUNDLE_IDENTIFIER = "com.ww.Lasso-SwiftPM";
				PRODUCT_NAME = "$(TARGET_NAME)";
				SWIFT_VERSION = 5.0;
				TARGETED_DEVICE_FAMILY = "1,2";
			};
			name = Debug;
		};
		797CFEFA23C39AFC0062A466 /* Release */ = {
			isa = XCBuildConfiguration;
			buildSettings = {
				ASSETCATALOG_COMPILER_APPICON_NAME = AppIcon;
				CODE_SIGN_STYLE = Automatic;
				INFOPLIST_FILE = "Lasso-SwiftPM/Info.plist";
				LD_RUNPATH_SEARCH_PATHS = (
					"$(inherited)",
					"@executable_path/Frameworks",
				);
				PRODUCT_BUNDLE_IDENTIFIER = "com.ww.Lasso-SwiftPM";
				PRODUCT_NAME = "$(TARGET_NAME)";
				SWIFT_VERSION = 5.0;
				TARGETED_DEVICE_FAMILY = "1,2";
			};
			name = Release;
		};
		797CFEFC23C39AFC0062A466 /* Debug */ = {
			isa = XCBuildConfiguration;
			buildSettings = {
				ALWAYS_EMBED_SWIFT_STANDARD_LIBRARIES = YES;
				BUNDLE_LOADER = "$(TEST_HOST)";
				CODE_SIGN_STYLE = Automatic;
				INFOPLIST_FILE = "Lasso-SwiftPMTests/Info.plist";
				IPHONEOS_DEPLOYMENT_TARGET = 13.2;
				LD_RUNPATH_SEARCH_PATHS = (
					"$(inherited)",
					"@executable_path/Frameworks",
					"@loader_path/Frameworks",
				);
				PRODUCT_BUNDLE_IDENTIFIER = "com.ww.Lasso-SwiftPMTests";
				PRODUCT_NAME = "$(TARGET_NAME)";
				SWIFT_VERSION = 5.0;
				TARGETED_DEVICE_FAMILY = "1,2";
				TEST_HOST = "$(BUILT_PRODUCTS_DIR)/Lasso-SwiftPM.app/Lasso-SwiftPM";
			};
			name = Debug;
		};
		797CFEFD23C39AFC0062A466 /* Release */ = {
			isa = XCBuildConfiguration;
			buildSettings = {
				ALWAYS_EMBED_SWIFT_STANDARD_LIBRARIES = YES;
				BUNDLE_LOADER = "$(TEST_HOST)";
				CODE_SIGN_STYLE = Automatic;
				INFOPLIST_FILE = "Lasso-SwiftPMTests/Info.plist";
				IPHONEOS_DEPLOYMENT_TARGET = 13.2;
				LD_RUNPATH_SEARCH_PATHS = (
					"$(inherited)",
					"@executable_path/Frameworks",
					"@loader_path/Frameworks",
				);
				PRODUCT_BUNDLE_IDENTIFIER = "com.ww.Lasso-SwiftPMTests";
				PRODUCT_NAME = "$(TARGET_NAME)";
				SWIFT_VERSION = 5.0;
				TARGETED_DEVICE_FAMILY = "1,2";
				TEST_HOST = "$(BUILT_PRODUCTS_DIR)/Lasso-SwiftPM.app/Lasso-SwiftPM";
			};
			name = Release;
		};
/* End XCBuildConfiguration section */

/* Begin XCConfigurationList section */
		797CFED423C39AFA0062A466 /* Build configuration list for PBXProject "Lasso-SwiftPM" */ = {
			isa = XCConfigurationList;
			buildConfigurations = (
				797CFEF623C39AFC0062A466 /* Debug */,
				797CFEF723C39AFC0062A466 /* Release */,
			);
			defaultConfigurationIsVisible = 0;
			defaultConfigurationName = Release;
		};
		797CFEF823C39AFC0062A466 /* Build configuration list for PBXNativeTarget "Lasso-SwiftPM" */ = {
			isa = XCConfigurationList;
			buildConfigurations = (
				797CFEF923C39AFC0062A466 /* Debug */,
				797CFEFA23C39AFC0062A466 /* Release */,
			);
			defaultConfigurationIsVisible = 0;
			defaultConfigurationName = Release;
		};
		797CFEFB23C39AFC0062A466 /* Build configuration list for PBXNativeTarget "Lasso-SwiftPMTests" */ = {
			isa = XCConfigurationList;
			buildConfigurations = (
				797CFEFC23C39AFC0062A466 /* Debug */,
				797CFEFD23C39AFC0062A466 /* Release */,
			);
			defaultConfigurationIsVisible = 0;
			defaultConfigurationName = Release;
		};
/* End XCConfigurationList section */

/* Begin XCRemoteSwiftPackageReference section */
		797CFEFE23C3B9CA0062A466 /* XCRemoteSwiftPackageReference "lasso" */ = {
			isa = XCRemoteSwiftPackageReference;
			repositoryURL = "https://github.com/ww-tech/lasso.git";
			requirement = {
				branch = master;
				kind = branch;
			};
		};
/* End XCRemoteSwiftPackageReference section */

/* Begin XCSwiftPackageProductDependency section */
		797CFEFF23C3B9CA0062A466 /* LassoTestUtilities */ = {
			isa = XCSwiftPackageProductDependency;
			package = 797CFEFE23C3B9CA0062A466 /* XCRemoteSwiftPackageReference "lasso" */;
			productName = LassoTestUtilities;
		};
		797CFF0123C3B9CA0062A466 /* Lasso */ = {
			isa = XCSwiftPackageProductDependency;
			package = 797CFEFE23C3B9CA0062A466 /* XCRemoteSwiftPackageReference "lasso" */;
			productName = Lasso;
		};
		797CFF0723C3C0FE0062A466 /* LassoTestUtilities */ = {
			isa = XCSwiftPackageProductDependency;
			package = 797CFEFE23C3B9CA0062A466 /* XCRemoteSwiftPackageReference "lasso" */;
			productName = LassoTestUtilities;
		};
		79C428272400081900C450B5 /* Lasso */ = {
			isa = XCSwiftPackageProductDependency;
			package = 797CFEFE23C3B9CA0062A466 /* XCRemoteSwiftPackageReference "lasso" */;
			productName = Lasso;
		};
/* End XCSwiftPackageProductDependency section */
	};
	rootObject = 797CFED123C39AFA0062A466 /* Project object */;
}
